
Microsoft Visual Studio Solution File, Format Version 12.00
Project("{FAE04EC0-301F-11D3-BF4B-00C04F79EFBC}") = "TicTacToe", "TicTacToe\TicTacToe.csproj", "{4A87FF23-B15F-412B-BB46-09969DEA487C}"
EndProject
Project("{FAE04EC0-301F-11D3-BF4B-00C04F79EFBC}") = "TicTacToe.Tests", "TicTacToe.Tests\TicTacToe.Tests.csproj", "{F6B75E10-D8B2-4AD4-B2CD-74A7BA025F94}"
EndProject
Global
	GlobalSection(SolutionConfigurationPlatforms) = preSolution
		Debug|Any CPU = Debug|Any CPU
		Release|Any CPU = Release|Any CPU
	EndGlobalSection
	GlobalSection(ProjectConfigurationPlatforms) = postSolution
		{4A87FF23-B15F-412B-BB46-09969DEA487C}.Debug|Any CPU.ActiveCfg = Debug|Any CPU
		{4A87FF23-B15F-412B-BB46-09969DEA487C}.Debug|Any CPU.Build.0 = Debug|Any CPU
		{4A87FF23-B15F-412B-BB46-09969DEA487C}.Release|Any CPU.ActiveCfg = Release|Any CPU
		{4A87FF23-B15F-412B-BB46-09969DEA487C}.Release|Any CPU.Build.0 = Release|Any CPU
		{F6B75E10-D8B2-4AD4-B2CD-74A7BA025F94}.Debug|Any CPU.ActiveCfg = Debug|Any CPU
		{F6B75E10-D8B2-4AD4-B2CD-74A7BA025F94}.Debug|Any CPU.Build.0 = Debug|Any CPU
		{F6B75E10-D8B2-4AD4-B2CD-74A7BA025F94}.Release|Any CPU.ActiveCfg = Release|Any CPU
		{F6B75E10-D8B2-4AD4-B2CD-74A7BA025F94}.Release|Any CPU.Build.0 = Release|Any CPU
	EndGlobalSection
EndGlobal
